
Microsoft Visual Studio Solution File, Format Version 12.00
Project("{FAE04EC0-301F-11D3-BF4B-00C04F79EFBC}") = "Praedico.Bookings.Api", "Praedico.Bookings.Api\Praedico.Bookings.Api.csproj", "{5D212E48-5B42-45A9-8552-EB9AB250E43C}"
EndProject
Project("{2150E333-8FDC-42A3-9474-1A3956D46DE8}") = ".etc", ".etc", "{E11DB000-D603-4487-8B83-71E5656C25DF}"
	ProjectSection(SolutionItems) = preProject
		.etc\Powershell\Praedico.Bookings.ps1 = .etc\Powershell\Praedico.Bookings.ps1
	EndProjectSection
EndProject
Project("{FAE04EC0-301F-11D3-BF4B-00C04F79EFBC}") = "Praedico.Bookings.Application", "Praedico.Bookings.Application\Praedico.Bookings.Application.csproj", "{209EBF1C-B9FB-4F39-B7C9-5EAAD28817C8}"
EndProject
Project("{FAE04EC0-301F-11D3-BF4B-00C04F79EFBC}") = "Praedico.Bookings.Domain", "Praedico.Bookings.Domain\Praedico.Bookings.Domain.csproj", "{BC05DDBF-965F-4380-A2D2-38FC36F8547A}"
EndProject
Project("{FAE04EC0-301F-11D3-BF4B-00C04F79EFBC}") = "Praedico.Bookings.Infrastructure", "Praedico.Bookings.Infrastructure\Praedico.Bookings.Infrastructure.csproj", "{9CCB8D2E-F5D3-4540-8FAF-D77BFF1A965B}"
EndProject
Project("{FAE04EC0-301F-11D3-BF4B-00C04F79EFBC}") = "Praedico.Bookings.Core", "Praedico.Bookings.Core\Praedico.Bookings.Core.csproj", "{F726BE1D-562F-42E3-921B-89F946A54A6B}"
EndProject
Project("{2150E333-8FDC-42A3-9474-1A3956D46DE8}") = ".logs", ".logs", "{70A380D1-F1E7-4E7B-B8D6-43FA06A7D033}"
	ProjectSection(SolutionItems) = preProject
		Praedico.Bookings.Api\.logs\log-20241126.txt = Praedico.Bookings.Api\.logs\log-20241126.txt
	EndProjectSection
EndProject
Global
	GlobalSection(SolutionConfigurationPlatforms) = preSolution
		Debug|Any CPU = Debug|Any CPU
		Release|Any CPU = Release|Any CPU
	EndGlobalSection
	GlobalSection(ProjectConfigurationPlatforms) = postSolution
		{5D212E48-5B42-45A9-8552-EB9AB250E43C}.Debug|Any CPU.ActiveCfg = Debug|Any CPU
		{5D212E48-5B42-45A9-8552-EB9AB250E43C}.Debug|Any CPU.Build.0 = Debug|Any CPU
		{5D212E48-5B42-45A9-8552-EB9AB250E43C}.Release|Any CPU.ActiveCfg = Release|Any CPU
		{5D212E48-5B42-45A9-8552-EB9AB250E43C}.Release|Any CPU.Build.0 = Release|Any CPU
		{209EBF1C-B9FB-4F39-B7C9-5EAAD28817C8}.Debug|Any CPU.ActiveCfg = Debug|Any CPU
		{209EBF1C-B9FB-4F39-B7C9-5EAAD28817C8}.Debug|Any CPU.Build.0 = Debug|Any CPU
		{209EBF1C-B9FB-4F39-B7C9-5EAAD28817C8}.Release|Any CPU.ActiveCfg = Release|Any CPU
		{209EBF1C-B9FB-4F39-B7C9-5EAAD28817C8}.Release|Any CPU.Build.0 = Release|Any CPU
		{BC05DDBF-965F-4380-A2D2-38FC36F8547A}.Debug|Any CPU.ActiveCfg = Debug|Any CPU
		{BC05DDBF-965F-4380-A2D2-38FC36F8547A}.Debug|Any CPU.Build.0 = Debug|Any CPU
		{BC05DDBF-965F-4380-A2D2-38FC36F8547A}.Release|Any CPU.ActiveCfg = Release|Any CPU
		{BC05DDBF-965F-4380-A2D2-38FC36F8547A}.Release|Any CPU.Build.0 = Release|Any CPU
		{9CCB8D2E-F5D3-4540-8FAF-D77BFF1A965B}.Debug|Any CPU.ActiveCfg = Debug|Any CPU
		{9CCB8D2E-F5D3-4540-8FAF-D77BFF1A965B}.Debug|Any CPU.Build.0 = Debug|Any CPU
		{9CCB8D2E-F5D3-4540-8FAF-D77BFF1A965B}.Release|Any CPU.ActiveCfg = Release|Any CPU
		{9CCB8D2E-F5D3-4540-8FAF-D77BFF1A965B}.Release|Any CPU.Build.0 = Release|Any CPU
		{F726BE1D-562F-42E3-921B-89F946A54A6B}.Debug|Any CPU.ActiveCfg = Debug|Any CPU
		{F726BE1D-562F-42E3-921B-89F946A54A6B}.Debug|Any CPU.Build.0 = Debug|Any CPU
		{F726BE1D-562F-42E3-921B-89F946A54A6B}.Release|Any CPU.ActiveCfg = Release|Any CPU
		{F726BE1D-562F-42E3-921B-89F946A54A6B}.Release|Any CPU.Build.0 = Release|Any CPU
	EndGlobalSection
EndGlobal
